
Microsoft Visual Studio Solution File, Format Version 12.00
# Visual Studio Version 16
VisualStudioVersion = 16.0.29215.179
MinimumVisualStudioVersion = 10.0.40219.1
Project("{9A19103F-16F7-4668-BE54-9A1E7A4F7556}") = "Kosystem", "Kosystem\Kosystem.csproj", "{DCD03FBA-A2A5-4711-B47E-9B22AA4BBDEF}"
EndProject
Project("{9A19103F-16F7-4668-BE54-9A1E7A4F7556}") = "Kosystem.Shared", "Kosystem.Shared\Kosystem.Shared.csproj", "{0626FF25-7F65-4A46-B510-22EAB15054A5}"
EndProject
Project("{2150E333-8FDC-42A3-9474-1A3956D46DE8}") = "Solution Items", "Solution Items", "{54CD7037-41CB-4A42-8890-01B92B0F6F6B}"
	ProjectSection(SolutionItems) = preProject
		.editorconfig = .editorconfig
		Directory.Build.props = Directory.Build.props
	EndProjectSection
EndProject
Project("{9A19103F-16F7-4668-BE54-9A1E7A4F7556}") = "Kosystem.Utility", "Kosystem.Utility\Kosystem.Utility.csproj", "{6D57BDE5-3C39-4650-A68A-DA3832781A7A}"
EndProject
Project("{FAE04EC0-301F-11D3-BF4B-00C04F79EFBC}") = "Kosystem.Repository", "Kosystem.Repository\Kosystem.Repository.csproj", "{51BC21B9-074B-4069-820D-7E4A15AAC0E8}"
EndProject
Global
	GlobalSection(SolutionConfigurationPlatforms) = preSolution
		Debug|Any CPU = Debug|Any CPU
		Release|Any CPU = Release|Any CPU
	EndGlobalSection
	GlobalSection(ProjectConfigurationPlatforms) = postSolution
		{DCD03FBA-A2A5-4711-B47E-9B22AA4BBDEF}.Debug|Any CPU.ActiveCfg = Debug|Any CPU
		{DCD03FBA-A2A5-4711-B47E-9B22AA4BBDEF}.Debug|Any CPU.Build.0 = Debug|Any CPU
		{DCD03FBA-A2A5-4711-B47E-9B22AA4BBDEF}.Release|Any CPU.ActiveCfg = Release|Any CPU
		{DCD03FBA-A2A5-4711-B47E-9B22AA4BBDEF}.Release|Any CPU.Build.0 = Release|Any CPU
		{0626FF25-7F65-4A46-B510-22EAB15054A5}.Debug|Any CPU.ActiveCfg = Debug|Any CPU
		{0626FF25-7F65-4A46-B510-22EAB15054A5}.Debug|Any CPU.Build.0 = Debug|Any CPU
		{0626FF25-7F65-4A46-B510-22EAB15054A5}.Release|Any CPU.ActiveCfg = Release|Any CPU
		{0626FF25-7F65-4A46-B510-22EAB15054A5}.Release|Any CPU.Build.0 = Release|Any CPU
		{6D57BDE5-3C39-4650-A68A-DA3832781A7A}.Debug|Any CPU.ActiveCfg = Debug|Any CPU
		{6D57BDE5-3C39-4650-A68A-DA3832781A7A}.Debug|Any CPU.Build.0 = Debug|Any CPU
		{6D57BDE5-3C39-4650-A68A-DA3832781A7A}.Release|Any CPU.ActiveCfg = Release|Any CPU
		{6D57BDE5-3C39-4650-A68A-DA3832781A7A}.Release|Any CPU.Build.0 = Release|Any CPU
		{51BC21B9-074B-4069-820D-7E4A15AAC0E8}.Debug|Any CPU.ActiveCfg = Debug|Any CPU
		{51BC21B9-074B-4069-820D-7E4A15AAC0E8}.Debug|Any CPU.Build.0 = Debug|Any CPU
		{51BC21B9-074B-4069-820D-7E4A15AAC0E8}.Release|Any CPU.ActiveCfg = Release|Any CPU
		{51BC21B9-074B-4069-820D-7E4A15AAC0E8}.Release|Any CPU.Build.0 = Release|Any CPU
	EndGlobalSection
	GlobalSection(SolutionProperties) = preSolution
		HideSolutionNode = FALSE
	EndGlobalSection
	GlobalSection(ExtensibilityGlobals) = postSolution
		SolutionGuid = {F14F13AC-37E8-49F9-968B-B0D89E62E452}
	EndGlobalSection
EndGlobal
